<?xml version="1.0" encoding="utf-8"?>
<Project ToolsVersion="4.0" xmlns="http://schemas.microsoft.com/developer/msbuild/2003">
  <ItemGroup>
    <Filter Include="Source Files">
      <UniqueIdentifier>{4FC737F1-C7A5-4376-A066-2A32D752A2FF}</UniqueIdentifier>
      <Extensions>cpp;c;cc;cxx;def;odl;idl;hpj;bat;asm;asmx</Extensions>
    </Filter>
    <Filter Include="Header Files">
      <UniqueIdentifier>{93995380-89BD-4b04-88EB-625FBE52EBFB}</UniqueIdentifier>
      <Extensions>h;hh;hpp;hxx;hm;inl;inc;ipp;xsd</Extensions>
    </Filter>
    <Filter Include="Resource Files">
      <UniqueIdentifier>{67DA6AB6-F800-4c08-8B7A-83BB121AAD01}</UniqueIdentifier>
      <Extensions>rc;ico;cur;bmp;dlg;rc2;rct;bin;rgs;gif;jpg;jpeg;jpe;resx;tiff;tif;png;wav;mfcribbon-ms</Extensions>
    </Filter>
    <Filter Include="Source Files\CoreAlgorithms">
      <UniqueIdentifier>{5a68f1d2-57ac-4cfd-9b13-ea38f5153da8}</UniqueIdentifier>
    </Filter>
    <Filter Include="Source Files\Algorithms">
      <UniqueIdentifier>{5d49345e-4e20-450d-91dd-172844e318a5}</UniqueIdentifier>
    </Filter>
  </ItemGroup>
  <ItemGroup>
    <ClCompile Include="Utils.cpp">
      <Filter>Source Files</Filter>
    </ClCompile>
    <ClCompile Include="Hough.cpp">
      <Filter>Source Files\CoreAlgorithms</Filter>
    </ClCompile>
    <ClCompile Include="ProjectionProfiling.cpp">
      <Filter>Source Files\CoreAlgorithms</Filter>
    </ClCompile>
    <ClCompile Include="FrequencyHough.cpp">
      <Filter>Source Files\Algorithms</Filter>
    </ClCompile>
    <ClCompile Include="SpatialProjectionProfiling.cpp">
      <Filter>Source Files\Algorithms</Filter>
    </ClCompile>
    <ClCompile Include="AppMain.cpp">
      <Filter>Source Files</Filter>
    </ClCompile>
    <ClCompile Include="SpatialHough.cpp">
      <Filter>Source Files\Algorithms</Filter>
    </ClCompile>
    <ClCompile Include="FourierTransform.cpp">
      <Filter>Source Files\CoreAlgorithms</Filter>
    </ClCompile>
    <ClCompile Include="FrequencyProjectionProfiling.cpp">
      <Filter>Source Files\Algorithms</Filter>
    </ClCompile>
  </ItemGroup>
  <ItemGroup>
    <ClInclude Include="pch.h">
      <Filter>Header Files</Filter>
    </ClInclude>
    <ClInclude Include="Constants.h">
      <Filter>Header Files</Filter>
    </ClInclude>
    <ClInclude Include="Hough.h">
      <Filter>Source Files\CoreAlgorithms</Filter>
    </ClInclude>
    <ClInclude Include="ProjectionProfiling.h">
      <Filter>Source Files\CoreAlgorithms</Filter>
    </ClInclude>
    <ClInclude Include="IAlgorithm.h">
      <Filter>Source Files\Algorithms</Filter>
    </ClInclude>
    <ClInclude Include="FrequencyHough.h">
      <Filter>Source Files\Algorithms</Filter>
    </ClInclude>
    <ClInclude Include="SpatialProjectionProfiling.h">
      <Filter>Source Files\Algorithms</Filter>
    </ClInclude>
    <ClInclude Include="Utils.h">
      <Filter>Source Files</Filter>
    </ClInclude>
    <ClInclude Include="SpatialHough.h">
      <Filter>Source Files\Algorithms</Filter>
    </ClInclude>
    <ClInclude Include="FourierTransform.h">
      <Filter>Source Files\CoreAlgorithms</Filter>
    </ClInclude>
    <ClInclude Include="FrequencyProjectionProfiling.h">
      <Filter>Source Files\Algorithms</Filter>
    </ClInclude>
  </ItemGroup>
</Project>